
Microsoft Visual Studio Solution File, Format Version 12.00
# Visual Studio Version 16
VisualStudioVersion = 16.0.29509.3
MinimumVisualStudioVersion = 10.0.40219.1
Project("{FAE04EC0-301F-11D3-BF4B-00C04F79EFBC}") = "WebApplication1", "WebApplication1\WebApplication1.csproj", "{BBD41F4D-017C-48DE-B05C-271D94341FCF}"
EndProject
Global
	GlobalSection(SolutionConfigurationPlatforms) = preSolution
		Debug|Any CPU = Debug|Any CPU
		Release|Any CPU = Release|Any CPU
	EndGlobalSection
	GlobalSection(ProjectConfigurationPlatforms) = postSolution
		{BBD41F4D-017C-48DE-B05C-271D94341FCF}.Debug|Any CPU.ActiveCfg = Debug|Any CPU
		{BBD41F4D-017C-48DE-B05C-271D94341FCF}.Debug|Any CPU.Build.0 = Debug|Any CPU
		{BBD41F4D-017C-48DE-B05C-271D94341FCF}.Release|Any CPU.ActiveCfg = Release|Any CPU
		{BBD41F4D-017C-48DE-B05C-271D94341FCF}.Release|Any CPU.Build.0 = Release|Any CPU
	EndGlobalSection
	GlobalSection(SolutionProperties) = preSolution
		HideSolutionNode = FALSE
	EndGlobalSection
	GlobalSection(ExtensibilityGlobals) = postSolution
		SolutionGuid = {6EFF26EB-1678-4C7A-9092-9C88806C5D52}
	EndGlobalSection
EndGlobal
